// !$*UTF8*$!
{
	archiveVersion = 1;
	classes = {
	};
	objectVersion = 46;
	objects = {

/* Begin PBXBuildFile section */
		7946EF7F1E46CF66002BC590 /* AppDelegate.swift in Sources */ = {isa = PBXBuildFile; fileRef = 7946EF7E1E46CF66002BC590 /* AppDelegate.swift */; };
		7946EF841E46CF66002BC590 /* Main.storyboard in Resources */ = {isa = PBXBuildFile; fileRef = 7946EF821E46CF66002BC590 /* Main.storyboard */; };
		7946EF861E46CF66002BC590 /* Assets.xcassets in Resources */ = {isa = PBXBuildFile; fileRef = 7946EF851E46CF66002BC590 /* Assets.xcassets */; };
		7946EF891E46CF66002BC590 /* LaunchScreen.storyboard in Resources */ = {isa = PBXBuildFile; fileRef = 7946EF871E46CF66002BC590 /* LaunchScreen.storyboard */; };
		7946EF911E46D176002BC590 /* MovieViewController.swift in Sources */ = {isa = PBXBuildFile; fileRef = 7946EF901E46D176002BC590 /* MovieViewController.swift */; };
		7946EF951E46DCA8002BC590 /* MovieCell.swift in Sources */ = {isa = PBXBuildFile; fileRef = 7946EF941E46DCA8002BC590 /* MovieCell.swift */; };
		81825EE2D85B89F8FBA168AD /* Pods_Flicks.framework in Frameworks */ = {isa = PBXBuildFile; fileRef = 9929FBC5DE7BFC6940AEB96E /* Pods_Flicks.framework */; };
/* End PBXBuildFile section */

/* Begin PBXFileReference section */
		7946EF7B1E46CF66002BC590 /* Flicks.app */ = {isa = PBXFileReference; explicitFileType = wrapper.application; includeInIndex = 0; path = Flicks.app; sourceTree = BUILT_PRODUCTS_DIR; };
		7946EF7E1E46CF66002BC590 /* AppDelegate.swift */ = {isa = PBXFileReference; lastKnownFileType = sourcecode.swift; path = AppDelegate.swift; sourceTree = "<group>"; };
		7946EF831E46CF66002BC590 /* Base */ = {isa = PBXFileReference; lastKnownFileType = file.storyboard; name = Base; path = Base.lproj/Main.storyboard; sourceTree = "<group>"; };
		7946EF851E46CF66002BC590 /* Assets.xcassets */ = {isa = PBXFileReference; lastKnownFileType = folder.assetcatalog; path = Assets.xcassets; sourceTree = "<group>"; };
		7946EF881E46CF66002BC590 /* Base */ = {isa = PBXFileReference; lastKnownFileType = file.storyboard; name = Base; path = Base.lproj/LaunchScreen.storyboard; sourceTree = "<group>"; };
		7946EF8A1E46CF66002BC590 /* Info.plist */ = {isa = PBXFileReference; lastKnownFileType = text.plist.xml; path = Info.plist; sourceTree = "<group>"; };
		7946EF901E46D176002BC590 /* MovieViewController.swift */ = {isa = PBXFileReference; fileEncoding = 4; lastKnownFileType = sourcecode.swift; path = MovieViewController.swift; sourceTree = "<group>"; };
		7946EF941E46DCA8002BC590 /* MovieCell.swift */ = {isa = PBXFileReference; fileEncoding = 4; lastKnownFileType = sourcecode.swift; path = MovieCell.swift; sourceTree = "<group>"; };
		9929FBC5DE7BFC6940AEB96E /* Pods_Flicks.framework */ = {isa = PBXFileReference; explicitFileType = wrapper.framework; includeInIndex = 0; path = Pods_Flicks.framework; sourceTree = BUILT_PRODUCTS_DIR; };
		E03E4076E652CDDEEA6DBCBC /* Pods-Flicks.release.xcconfig */ = {isa = PBXFileReference; includeInIndex = 1; lastKnownFileType = text.xcconfig; name = "Pods-Flicks.release.xcconfig"; path = "Pods/Target Support Files/Pods-Flicks/Pods-Flicks.release.xcconfig"; sourceTree = "<group>"; };
		EACABCC2C2AA5B215C721E84 /* Pods-Flicks.debug.xcconfig */ = {isa = PBXFileReference; includeInIndex = 1; lastKnownFileType = text.xcconfig; name = "Pods-Flicks.debug.xcconfig"; path = "Pods/Target Support Files/Pods-Flicks/Pods-Flicks.debug.xcconfig"; sourceTree = "<group>"; };
/* End PBXFileReference section */

/* Begin PBXFrameworksBuildPhase section */
		7946EF781E46CF65002BC590 /* Frameworks */ = {
			isa = PBXFrameworksBuildPhase;
			buildActionMask = 2147483647;
			files = (
				81825EE2D85B89F8FBA168AD /* Pods_Flicks.framework in Frameworks */,
			);
			runOnlyForDeploymentPostprocessing = 0;
		};
/* End PBXFrameworksBuildPhase section */

/* Begin PBXGroup section */
		7946EF721E46CF65002BC590 = {
			isa = PBXGroup;
			children = (
				7946EF7D1E46CF66002BC590 /* Flicks */,
				7946EF7C1E46CF66002BC590 /* Products */,
				A47EF582243085AFD9BB85CF /* Pods */,
				D9474C6274C4FF0D3E61FFE8 /* Frameworks */,
			);
			sourceTree = "<group>";
		};
		7946EF7C1E46CF66002BC590 /* Products */ = {
			isa = PBXGroup;
			children = (
				7946EF7B1E46CF66002BC590 /* Flicks.app */,
			);
			name = Products;
			sourceTree = "<group>";
		};
		7946EF7D1E46CF66002BC590 /* Flicks */ = {
			isa = PBXGroup;
			children = (
				7946EF931E46DC81002BC590 /* Views */,
				7946EF921E46D17F002BC590 /* View Controller */,
				7946EF7E1E46CF66002BC590 /* AppDelegate.swift */,
				7946EF821E46CF66002BC590 /* Main.storyboard */,
				7946EF851E46CF66002BC590 /* Assets.xcassets */,
				7946EF871E46CF66002BC590 /* LaunchScreen.storyboard */,
				7946EF8A1E46CF66002BC590 /* Info.plist */,
			);
			path = Flicks;
			sourceTree = "<group>";
		};
		7946EF921E46D17F002BC590 /* View Controller */ = {
			isa = PBXGroup;
			children = (
				7946EF901E46D176002BC590 /* MovieViewController.swift */,
			);
			name = "View Controller";
			sourceTree = "<group>";
		};
		7946EF931E46DC81002BC590 /* Views */ = {
			isa = PBXGroup;
			children = (
				7946EF941E46DCA8002BC590 /* MovieCell.swift */,
			);
			name = Views;
			sourceTree = "<group>";
		};
		A47EF582243085AFD9BB85CF /* Pods */ = {
			isa = PBXGroup;
			children = (
				EACABCC2C2AA5B215C721E84 /* Pods-Flicks.debug.xcconfig */,
				E03E4076E652CDDEEA6DBCBC /* Pods-Flicks.release.xcconfig */,
			);
			name = Pods;
			sourceTree = "<group>";
		};
		D9474C6274C4FF0D3E61FFE8 /* Frameworks */ = {
			isa = PBXGroup;
			children = (
				9929FBC5DE7BFC6940AEB96E /* Pods_Flicks.framework */,
			);
			name = Frameworks;
			sourceTree = "<group>";
		};
/* End PBXGroup section */

/* Begin PBXNativeTarget section */
		7946EF7A1E46CF65002BC590 /* Flicks */ = {
			isa = PBXNativeTarget;
			buildConfigurationList = 7946EF8D1E46CF66002BC590 /* Build configuration list for PBXNativeTarget "Flicks" */;
			buildPhases = (
				049C68AEC63C9837025336BA /* [CP] Check Pods Manifest.lock */,
				7946EF771E46CF65002BC590 /* Sources */,
				7946EF781E46CF65002BC590 /* Frameworks */,
				7946EF791E46CF65002BC590 /* Resources */,
				6E2A7DD43DEAC7E0A4A87BEF /* [CP] Embed Pods Frameworks */,
				0B9D5EE942A7FE687C58D802 /* [CP] Copy Pods Resources */,
			);
			buildRules = (
			);
			dependencies = (
			);
			name = Flicks;
			productName = Flicks;
			productReference = 7946EF7B1E46CF66002BC590 /* Flicks.app */;
			productType = "com.apple.product-type.application";
		};
/* End PBXNativeTarget section */

/* Begin PBXProject section */
		7946EF731E46CF65002BC590 /* Project object */ = {
			isa = PBXProject;
			attributes = {
				LastSwiftUpdateCheck = 0820;
				LastUpgradeCheck = 0820;
				ORGANIZATIONNAME = "Edison Lam";
				TargetAttributes = {
					7946EF7A1E46CF65002BC590 = {
						CreatedOnToolsVersion = 8.2.1;
						ProvisioningStyle = Automatic;
					};
				};
			};
			buildConfigurationList = 7946EF761E46CF65002BC590 /* Build configuration list for PBXProject "Flicks" */;
			compatibilityVersion = "Xcode 3.2";
			developmentRegion = English;
			hasScannedForEncodings = 0;
			knownRegions = (
				en,
				Base,
			);
			mainGroup = 7946EF721E46CF65002BC590;
			productRefGroup = 7946EF7C1E46CF66002BC590 /* Products */;
			projectDirPath = "";
			projectRoot = "";
			targets = (
				7946EF7A1E46CF65002BC590 /* Flicks */,
			);
		};
/* End PBXProject section */

/* Begin PBXResourcesBuildPhase section */
		7946EF791E46CF65002BC590 /* Resources */ = {
			isa = PBXResourcesBuildPhase;
			buildActionMask = 2147483647;
			files = (
				7946EF891E46CF66002BC590 /* LaunchScreen.storyboard in Resources */,
				7946EF861E46CF66002BC590 /* Assets.xcassets in Resources */,
				7946EF841E46CF66002BC590 /* Main.storyboard in Resources */,
			);
			runOnlyForDeploymentPostprocessing = 0;
		};
/* End PBXResourcesBuildPhase section */

/* Begin PBXShellScriptBuildPhase section */
		049C68AEC63C9837025336BA /* [CP] Check Pods Manifest.lock */ = {
			isa = PBXShellScriptBuildPhase;
			buildActionMask = 2147483647;
			files = (
			);
			inputPaths = (
			);
			name = "[CP] Check Pods Manifest.lock";
			outputPaths = (
			);
			runOnlyForDeploymentPostprocessing = 0;
			shellPath = /bin/sh;
			shellScript = "diff \"${PODS_ROOT}/../Podfile.lock\" \"${PODS_ROOT}/Manifest.lock\" > /dev/null\nif [ $? != 0 ] ; then\n    # print error to STDERR\n    echo \"error: The sandbox is not in sync with the Podfile.lock. Run 'pod install' or update your CocoaPods installation.\" >&2\n    exit 1\nfi\n";
			showEnvVarsInLog = 0;
		};
		0B9D5EE942A7FE687C58D802 /* [CP] Copy Pods Resources */ = {
			isa = PBXShellScriptBuildPhase;
			buildActionMask = 2147483647;
			files = (
			);
			inputPaths = (
			);
			name = "[CP] Copy Pods Resources";
			outputPaths = (
			);
			runOnlyForDeploymentPostprocessing = 0;
			shellPath = /bin/sh;
			shellScript = "\"${SRCROOT}/Pods/Target Support Files/Pods-Flicks/Pods-Flicks-resources.sh\"\n";
			showEnvVarsInLog = 0;
		};
		6E2A7DD43DEAC7E0A4A87BEF /* [CP] Embed Pods Frameworks */ = {
			isa = PBXShellScriptBuildPhase;
			buildActionMask = 2147483647;
			files = (
			);
			inputPaths = (
			);
			name = "[CP] Embed Pods Frameworks";
			outputPaths = (
			);
			runOnlyForDeploymentPostprocessing = 0;
			shellPath = /bin/sh;
			shellScript = "\"${SRCROOT}/Pods/Target Support Files/Pods-Flicks/Pods-Flicks-frameworks.sh\"\n";
			showEnvVarsInLog = 0;
		};
/* End PBXShellScriptBuildPhase section */

/* Begin PBXSourcesBuildPhase section */
		7946EF771E46CF65002BC590 /* Sources */ = {
			isa = PBXSourcesBuildPhase;
			buildActionMask = 2147483647;
			files = (
				7946EF7F1E46CF66002BC590 /* AppDelegate.swift in Sources */,
				7946EF911E46D176002BC590 /* MovieViewController.swift in Sources */,
				7946EF951E46DCA8002BC590 /* MovieCell.swift in Sources */,
			);
			runOnlyForDeploymentPostprocessing = 0;
		};
/* End PBXSourcesBuildPhase section */

/* Begin PBXVariantGroup section */
		7946EF821E46CF66002BC590 /* Main.storyboard */ = {
			isa = PBXVariantGroup;
			children = (
				7946EF831E46CF66002BC590 /* Base */,
			);
			name = Main.storyboard;
			sourceTree = "<group>";
		};
		7946EF871E46CF66002BC590 /* LaunchScreen.storyboard */ = {
			isa = PBXVariantGroup;
			children = (
				7946EF881E46CF66002BC590 /* Base */,
			);
			name = LaunchScreen.storyboard;
			sourceTree = "<group>";
		};
/* End PBXVariantGroup section */

/* Begin XCBuildConfiguration section */
		7946EF8B1E46CF66002BC590 /* Debug */ = {
			isa = XCBuildConfiguration;
			buildSettings = {
				ALWAYS_SEARCH_USER_PATHS = NO;
				CLANG_ANALYZER_NONNULL = YES;
				CLANG_CXX_LANGUAGE_STANDARD = "gnu++0x";
				CLANG_CXX_LIBRARY = "libc++";
				CLANG_ENABLE_MODULES = YES;
				CLANG_ENABLE_OBJC_ARC = YES;
				CLANG_WARN_BOOL_CONVERSION = YES;
				CLANG_WARN_CONSTANT_CONVERSION = YES;
				CLANG_WARN_DIRECT_OBJC_ISA_USAGE = YES_ERROR;
				CLANG_WARN_DOCUMENTATION_COMMENTS = YES;
				CLANG_WARN_EMPTY_BODY = YES;
				CLANG_WARN_ENUM_CONVERSION = YES;
				CLANG_WARN_INFINITE_RECURSION = YES;
				CLANG_WARN_INT_CONVERSION = YES;
				CLANG_WARN_OBJC_ROOT_CLASS = YES_ERROR;
				CLANG_WARN_SUSPICIOUS_MOVE = YES;
				CLANG_WARN_UNREACHABLE_CODE = YES;
				CLANG_WARN__DUPLICATE_METHOD_MATCH = YES;
				"CODE_SIGN_IDENTITY[sdk=iphoneos*]" = "iPhone Developer";
				COPY_PHASE_STRIP = NO;
				DEBUG_INFORMATION_FORMAT = dwarf;
				ENABLE_STRICT_OBJC_MSGSEND = YES;
				ENABLE_TESTABILITY = YES;
				GCC_C_LANGUAGE_STANDARD = gnu99;
				GCC_DYNAMIC_NO_PIC = NO;
				GCC_NO_COMMON_BLOCKS = YES;
				GCC_OPTIMIZATION_LEVEL = 0;
				GCC_PREPROCESSOR_DEFINITIONS = (
					"DEBUG=1",
					"$(inherited)",
				);
				GCC_WARN_64_TO_32_BIT_CONVERSION = YES;
				GCC_WARN_ABOUT_RETURN_TYPE = YES_ERROR;
				GCC_WARN_UNDECLARED_SELECTOR = YES;
				GCC_WARN_UNINITIALIZED_AUTOS = YES_AGGRESSIVE;
				GCC_WARN_UNUSED_FUNCTION = YES;
				GCC_WARN_UNUSED_VARIABLE = YES;
				IPHONEOS_DEPLOYMENT_TARGET = 10.2;
				MTL_ENABLE_DEBUG_INFO = YES;
				ONLY_ACTIVE_ARCH = YES;
				SDKROOT = iphoneos;
				SWIFT_ACTIVE_COMPILATION_CONDITIONS = DEBUG;
				SWIFT_OPTIMIZATION_LEVEL = "-Onone";
				TARGETED_DEVICE_FAMILY = "1,2";
			};
			name = Debug;
		};
		7946EF8C1E46CF66002BC590 /* Release */ = {
			isa = XCBuildConfiguration;
			buildSettings = {
				ALWAYS_SEARCH_USER_PATHS = NO;
				CLANG_ANALYZER_NONNULL = YES;
				CLANG_CXX_LANGUAGE_STANDARD = "gnu++0x";
				CLANG_CXX_LIBRARY = "libc++";
				CLANG_ENABLE_MODULES = YES;
				CLANG_ENABLE_OBJC_ARC = YES;
				CLANG_WARN_BOOL_CONVERSION = YES;
				CLANG_WARN_CONSTANT_CONVERSION = YES;
				CLANG_WARN_DIRECT_OBJC_ISA_USAGE = YES_ERROR;
				CLANG_WARN_DOCUMENTATION_COMMENTS = YES;
				CLANG_WARN_EMPTY_BODY = YES;
				CLANG_WARN_ENUM_CONVERSION = YES;
				CLANG_WARN_INFINITE_RECURSION = YES;
				CLANG_WARN_INT_CONVERSION = YES;
				CLANG_WARN_OBJC_ROOT_CLASS = YES_ERROR;
				CLANG_WARN_SUSPICIOUS_MOVE = YES;
				CLANG_WARN_UNREACHABLE_CODE = YES;
				CLANG_WARN__DUPLICATE_METHOD_MATCH = YES;
				"CODE_SIGN_IDENTITY[sdk=iphoneos*]" = "iPhone Developer";
				COPY_PHASE_STRIP = NO;
				DEBUG_INFORMATION_FORMAT = "dwarf-with-dsym";
				ENABLE_NS_ASSERTIONS = NO;
				ENABLE_STRICT_OBJC_MSGSEND = YES;
				GCC_C_LANGUAGE_STANDARD = gnu99;
				GCC_NO_COMMON_BLOCKS = YES;
				GCC_WARN_64_TO_32_BIT_CONVERSION = YES;
				GCC_WARN_ABOUT_RETURN_TYPE = YES_ERROR;
				GCC_WARN_UNDECLARED_SELECTOR = YES;
				GCC_WARN_UNINITIALIZED_AUTOS = YES_AGGRESSIVE;
				GCC_WARN_UNUSED_FUNCTION = YES;
				GCC_WARN_UNUSED_VARIABLE = YES;
				IPHONEOS_DEPLOYMENT_TARGET = 10.2;
				MTL_ENABLE_DEBUG_INFO = NO;
				SDKROOT = iphoneos;
				SWIFT_OPTIMIZATION_LEVEL = "-Owholemodule";
				TARGETED_DEVICE_FAMILY = "1,2";
				VALIDATE_PRODUCT = YES;
			};
			name = Release;
		};
		7946EF8E1E46CF66002BC590 /* Debug */ = {
			isa = XCBuildConfiguration;
			baseConfigurationReference = EACABCC2C2AA5B215C721E84 /* Pods-Flicks.debug.xcconfig */;
			buildSettings = {
				ASSETCATALOG_COMPILER_APPICON_NAME = AppIcon;
				INFOPLIST_FILE = Flicks/Info.plist;
				LD_RUNPATH_SEARCH_PATHS = "$(inherited) @executable_path/Frameworks";
				PRODUCT_BUNDLE_IDENTIFIER = "ccsf-codepath.Flicks";
				PRODUCT_NAME = "$(TARGET_NAME)";
				SWIFT_VERSION = 3.0;
			};
			name = Debug;
		};
		7946EF8F1E46CF66002BC590 /* Release */ = {
			isa = XCBuildConfiguration;
			baseConfigurationReference = E03E4076E652CDDEEA6DBCBC /* Pods-Flicks.release.xcconfig */;
			buildSettings = {
				ASSETCATALOG_COMPILER_APPICON_NAME = AppIcon;
				INFOPLIST_FILE = Flicks/Info.plist;
				LD_RUNPATH_SEARCH_PATHS = "$(inherited) @executable_path/Frameworks";
				PRODUCT_BUNDLE_IDENTIFIER = "ccsf-codepath.Flicks";
				PRODUCT_NAME = "$(TARGET_NAME)";
				SWIFT_VERSION = 3.0;
			};
			name = Release;
		};
/* End XCBuildConfiguration section */

/* Begin XCConfigurationList section */
		7946EF761E46CF65002BC590 /* Build configuration list for PBXProject "Flicks" */ = {
			isa = XCConfigurationList;
			buildConfigurations = (
				7946EF8B1E46CF66002BC590 /* Debug */,
				7946EF8C1E46CF66002BC590 /* Release */,
			);
			defaultConfigurationIsVisible = 0;
			defaultConfigurationName = Release;
		};
		7946EF8D1E46CF66002BC590 /* Build configuration list for PBXNativeTarget "Flicks" */ = {
			isa = XCConfigurationList;
			buildConfigurations = (
				7946EF8E1E46CF66002BC590 /* Debug */,
				7946EF8F1E46CF66002BC590 /* Release */,
			);
			defaultConfigurationIsVisible = 0;
			defaultConfigurationName = Release;
		};
/* End XCConfigurationList section */
	};
	rootObject = 7946EF731E46CF65002BC590 /* Project object */;
}
